
Microsoft Visual Studio Solution File, Format Version 12.00
# Visual Studio Version 17
VisualStudioVersion = 17.11.35312.102
MinimumVisualStudioVersion = 10.0.40219.1
Project("{FAE04EC0-301F-11D3-BF4B-00C04F79EFBC}") = "FoodAdvisor_FinalProject", "FoodAdvisor_FinalProject\FoodAdvisor_FinalProject.csproj", "{6EA9C4DC-8582-4E96-AE4C-2E8A6F0E5DFA}"
EndProject
Global
	GlobalSection(SolutionConfigurationPlatforms) = preSolution
		Debug|Any CPU = Debug|Any CPU
		Release|Any CPU = Release|Any CPU
	EndGlobalSection
	GlobalSection(ProjectConfigurationPlatforms) = postSolution
		{6EA9C4DC-8582-4E96-AE4C-2E8A6F0E5DFA}.Debug|Any CPU.ActiveCfg = Debug|Any CPU
		{6EA9C4DC-8582-4E96-AE4C-2E8A6F0E5DFA}.Debug|Any CPU.Build.0 = Debug|Any CPU
		{6EA9C4DC-8582-4E96-AE4C-2E8A6F0E5DFA}.Release|Any CPU.ActiveCfg = Release|Any CPU
		{6EA9C4DC-8582-4E96-AE4C-2E8A6F0E5DFA}.Release|Any CPU.Build.0 = Release|Any CPU
	EndGlobalSection
	GlobalSection(SolutionProperties) = preSolution
		HideSolutionNode = FALSE
	EndGlobalSection
	GlobalSection(ExtensibilityGlobals) = postSolution
		SolutionGuid = {117C2609-BE79-43F1-B8CA-665EED34BDCF}
	EndGlobalSection
EndGlobal
